
Microsoft Visual Studio Solution File, Format Version 12.00
# Visual Studio Version 16
VisualStudioVersion = 16.0.31205.134
MinimumVisualStudioVersion = 10.0.40219.1
Project("{9A19103F-16F7-4668-BE54-9A1E7A4F7556}") = "As2", "As2\As2.csproj", "{CA75F744-DF62-4A14-B50A-C6A6EA2DA6CF}"
EndProject
Global
	GlobalSection(SolutionConfigurationPlatforms) = preSolution
		Debug|Any CPU = Debug|Any CPU
		Release|Any CPU = Release|Any CPU
	EndGlobalSection
	GlobalSection(ProjectConfigurationPlatforms) = postSolution
		{CA75F744-DF62-4A14-B50A-C6A6EA2DA6CF}.Debug|Any CPU.ActiveCfg = Debug|Any CPU
		{CA75F744-DF62-4A14-B50A-C6A6EA2DA6CF}.Debug|Any CPU.Build.0 = Debug|Any CPU
		{CA75F744-DF62-4A14-B50A-C6A6EA2DA6CF}.Release|Any CPU.ActiveCfg = Release|Any CPU
		{CA75F744-DF62-4A14-B50A-C6A6EA2DA6CF}.Release|Any CPU.Build.0 = Release|Any CPU
	EndGlobalSection
	GlobalSection(SolutionProperties) = preSolution
		HideSolutionNode = FALSE
	EndGlobalSection
	GlobalSection(ExtensibilityGlobals) = postSolution
		SolutionGuid = {B9858C3C-3B71-43F4-8228-3A2058A8419C}
	EndGlobalSection
EndGlobal
